
Microsoft Visual Studio Solution File, Format Version 12.00
# Visual Studio Version 16
VisualStudioVersion = 16.0.36422.26
MinimumVisualStudioVersion = 10.0.40219.1
Project("{FAE04EC0-301F-11D3-BF4B-00C04F79EFBC}") = "HassClimate", "HassClimate\HassClimate.csproj", "{B204AE13-C428-44D6-AF8A-0C2B2977A550}"
EndProject
Project("{FAE04EC0-301F-11D3-BF4B-00C04F79EFBC}") = "ConsoleApp1", "ConsoleApp1\ConsoleApp1.csproj", "{7AFF6CFC-A5D8-4E70-9C8A-3A6478A40E43}"
EndProject
Global
	GlobalSection(SolutionConfigurationPlatforms) = preSolution
		Debug|Any CPU = Debug|Any CPU
		Release|Any CPU = Release|Any CPU
	EndGlobalSection
	GlobalSection(ProjectConfigurationPlatforms) = postSolution
		{B204AE13-C428-44D6-AF8A-0C2B2977A550}.Debug|Any CPU.ActiveCfg = Debug|Any CPU
		{B204AE13-C428-44D6-AF8A-0C2B2977A550}.Debug|Any CPU.Build.0 = Debug|Any CPU
		{B204AE13-C428-44D6-AF8A-0C2B2977A550}.Release|Any CPU.ActiveCfg = Release|Any CPU
		{B204AE13-C428-44D6-AF8A-0C2B2977A550}.Release|Any CPU.Build.0 = Release|Any CPU
		{7AFF6CFC-A5D8-4E70-9C8A-3A6478A40E43}.Debug|Any CPU.ActiveCfg = Debug|Any CPU
		{7AFF6CFC-A5D8-4E70-9C8A-3A6478A40E43}.Debug|Any CPU.Build.0 = Debug|Any CPU
		{7AFF6CFC-A5D8-4E70-9C8A-3A6478A40E43}.Release|Any CPU.ActiveCfg = Release|Any CPU
		{7AFF6CFC-A5D8-4E70-9C8A-3A6478A40E43}.Release|Any CPU.Build.0 = Release|Any CPU
	EndGlobalSection
	GlobalSection(SolutionProperties) = preSolution
		HideSolutionNode = FALSE
	EndGlobalSection
	GlobalSection(ExtensibilityGlobals) = postSolution
		SolutionGuid = {41CF1911-546C-4148-95E8-C48189E9E015}
	EndGlobalSection
EndGlobal
